github.com/coreos/go-json v0.0.0-20220810161552-7cce03887f34 h1:14qC8Go5ArRXeK4neVu4GwD/2KZcLsRotqGW7eBRqwk=
github.com/coreos/go-json v0.0.0-20220810161552-7cce03887f34/go.mod h1:jdmhE6D2v5tisGyVw92x7/r3USTNm2VAkdRZ4ZydKQk=
gopkg.in/check.v1 v0.0.0-20161208181325-20d25e280405 h1:yhCVgyC4o1eVCa2tZl7eS0r+SDo693bJlVdllGtEeKM=
gopkg.in/check.v1 v0.0.0-20161208181325-20d25e280405/go.mod h1:Co6ibVJAznAaIkqp8huTwlJQCZ016jof/cbN4VW5Yz0=
gopkg.in/yaml.v3 v3.0.1 h1:fxVm/GzAzEWqLHuvctI91KS9hhNmmWOoWu0XTYJS7CA=
gopkg.in/yaml.v3 v3.0.1/go.mod h1:K4uyk7z7BCEPqu6E+C64Yfv1cQ7kz7rIZviUmN+EgEM=
